
Microsoft Visual Studio Solution File, Format Version 12.00
# Visual Studio 14
VisualStudioVersion = 14.0.24720.0
MinimumVisualStudioVersion = 10.0.40219.1
Project("{FAE04EC0-301F-11D3-BF4B-00C04F79EFBC}") = "Music Organizer", "Music Organizer\Music Organizer.csproj", "{12960B07-C025-418F-9221-E106235A1111}"
EndProject
Project("{54435603-DBB4-11D2-8724-00A0C9A8B90C}") = "Music Organizer Setup", "Music Organizer Setup\Music Organizer Setup.vdproj", "{9DF468F5-3A97-4FA5-BCB0-80944DD59A57}"
EndProject
Global
	GlobalSection(SolutionConfigurationPlatforms) = preSolution
		Debug|Any CPU = Debug|Any CPU
		Release|Any CPU = Release|Any CPU
	EndGlobalSection
	GlobalSection(ProjectConfigurationPlatforms) = postSolution
		{12960B07-C025-418F-9221-E106235A1111}.Debug|Any CPU.ActiveCfg = Debug|Any CPU
		{12960B07-C025-418F-9221-E106235A1111}.Debug|Any CPU.Build.0 = Debug|Any CPU
		{12960B07-C025-418F-9221-E106235A1111}.Release|Any CPU.ActiveCfg = Release|Any CPU
		{12960B07-C025-418F-9221-E106235A1111}.Release|Any CPU.Build.0 = Release|Any CPU
		{9DF468F5-3A97-4FA5-BCB0-80944DD59A57}.Debug|Any CPU.ActiveCfg = Debug
		{9DF468F5-3A97-4FA5-BCB0-80944DD59A57}.Release|Any CPU.ActiveCfg = Release
	EndGlobalSection
	GlobalSection(SolutionProperties) = preSolution
		HideSolutionNode = FALSE
	EndGlobalSection
EndGlobal
